# THIS IS AN AUTOGENERATED FILE. DO NOT EDIT THIS FILE DIRECTLY.
# yarn lockfile v1


concolor@^1.0.2:
  version "1.0.2"
  resolved "https://registry.yarnpkg.com/concolor/-/concolor-1.0.2.tgz#384c8dc1a2f59d83e9a45d9f08a8010442a454bd"
  integrity sha512-EM1ZsJ2DcUTDqCWC55SDXvqonn7wmmrFQWpLGLIP8FExkZoqqvMYlYYfnUGwLbPrB41Y6K7voYI8jiS3BmszSw==

impress.js@^1.1.0:
  version "1.1.0"
  resolved "https://registry.yarnpkg.com/impress.js/-/impress.js-1.1.0.tgz#2a056e7ac51855ff7b5188bf1520d429a73b3544"
  integrity sha512-APQNnZx1M8RBe9vHdNAiAbIz4MaL0UDqIj0BDJOeFLqI/529/lGMmiz0m/c82xC08tBq8n9JzpMNoDykq0Zckg==

impress@^2.6.5:
  version "2.6.5"
  resolved "https://registry.yarnpkg.com/impress/-/impress-2.6.5.tgz#6efcca4ad005c887ef6776d1bf38a9b9d3d56c9b"
  integrity sha512-EhJLgfqTsqXYQDceY32+xDAyzBWzLtbZ4HGsUqceDMWbtEkKPsPC2ruT9SjvcNUilR4mtgAlhklQTN+zTOcqxg==
  dependencies:
    metacom "^2.0.3"
    metaconfiguration "^2.1.5"
    metalog "^3.1.4"
    metaschema "^1.3.4"
    metautil "^3.5.15"
    metavm "^1.0.3"
    metawatch "^1.0.4"

metacom@^2.0.3:
  version "2.0.3"
  resolved "https://registry.yarnpkg.com/metacom/-/metacom-2.0.3.tgz#4d9612118a4f4c0798bb2b31d5609514908841dc"
  integrity sha512-wl7QaB9ydPy1ylUM8VZgs0E0+Zcw9+zeOSPpQhANvQcmLR0KGJppj64b3LBsA+3EQDEIPDXVoilIdZUM1NjCVA==
  dependencies:
    metautil "^3.5.15"
    ws "^8.2.2"

metaconfiguration@^2.1.5:
  version "2.1.5"
  resolved "https://registry.yarnpkg.com/metaconfiguration/-/metaconfiguration-2.1.5.tgz#19e5fef06edf08ed947db24becdbb01a33101d4d"
  integrity sha512-9dwe+kgL7RRhKGFejr9NA3wqT02XWOsxSwAgkjm3ec/+PVom9ixa2/RgqqThfgzoWyrdSZF24fbo8pMk3OkJiw==
  dependencies:
    metavm "^1.0.3"

metalog@^3.1.4:
  version "3.1.4"
  resolved "https://registry.yarnpkg.com/metalog/-/metalog-3.1.4.tgz#8d6916328a163b10d8faa5cfe2f62b932ce8aa76"
  integrity sha512-PJAlMQ9PmGryO8W3IgLyYdV/A4GyIXRPiBLpCWoRwEcFNJh/wuAgqi/KfQMBZe6ISqDQrYkD++CbmD0vBH7qSw==
  dependencies:
    concolor "^1.0.2"
    metautil "^3.5.11"

metaschema@^1.3.4:
  version "1.3.4"
  resolved "https://registry.yarnpkg.com/metaschema/-/metaschema-1.3.4.tgz#3779dd424d4405140cc392077299c8145042ae08"
  integrity sha512-TU+mkuD5eRUp9MCUTxglseoVMLjef1pz5WC2MUsastqFtola0lQcZoG3+PbgtM7F694W2hT5ZyqjILN8ZZpRIA==
  dependencies:
    metautil "^3.5.11"
    metavm "^1.0.3"

metautil@^3.5.11, metautil@^3.5.15:
  version "3.5.15"
  resolved "https://registry.yarnpkg.com/metautil/-/metautil-3.5.15.tgz#0277796fe281ca5a82701239065ce7011bf5daf0"
  integrity sha512-ty0x0IpCW1BsUGxwZ2A85Nc5k49b7U6jYeRfVoloBF5NuTrDxs1RwuR2LOQnRfOho//B+vLbM/c8pkxe44KA3Q==

metavm@^1.0.3:
  version "1.0.3"
  resolved "https://registry.yarnpkg.com/metavm/-/metavm-1.0.3.tgz#84543f23658aede478eb7cbb05d0c64dfc02fd8c"
  integrity sha512-Y18xbvuG3K6xaTB69ZbKX7dm4IrywmSQyCQ3zU4DjlRTkjfaAuDWMS+/UeVoK1kLhPOs0n+XpBTVLp3nignETw==

metawatch@^1.0.4:
  version "1.0.4"
  resolved "https://registry.yarnpkg.com/metawatch/-/metawatch-1.0.4.tgz#e580d97fbccfa93bfa34653470e0e908a5e5c5c9"
  integrity sha512-gAe5S4M0i+l9YIF8JQvVaeD+qkOnzlv7V6tPqLit0Ku/4el+eB35tJmNQSCd9Ls3ONsWwQPG67vGiluwFX0Jmg==

ws@^8.2.2:
  version "8.2.3"
  resolved "https://registry.yarnpkg.com/ws/-/ws-8.2.3.tgz#63a56456db1b04367d0b721a0b80cae6d8becbba"
  integrity sha512-wBuoj1BDpC6ZQ1B7DWQBYVLphPWkm8i9Y0/3YdHjHKHiohOJ1ws+3OccDWtH+PoC9DZD5WOTrJvNbWvjS6JWaA==
